
Microsoft Visual Studio Solution File, Format Version 12.00
# Visual Studio Express 2013 for Web
VisualStudioVersion = 12.0.30723.0
MinimumVisualStudioVersion = 10.0.40219.1
Project("{E24C65DC-7377-472B-9ABA-BC803B73C61A}") = "ftp://ftp.mueller.x10.mx", "ftp://ftp.mueller.x10.mx", "{804B3785-3E9E-4B09-82AD-BA4FFB0C056E}"
	ProjectSection(WebsiteProperties) = preProject
		TargetFrameworkMoniker = ".NETFramework,Version%3Dv4.0"
		Debug.AspNetCompiler.VirtualPath = "/ftp.mueller.x10.mx"
		Debug.AspNetCompiler.PhysicalPath = "..\..\..\..\AppData\Local\Temp\VWDWebCache\ftp_ftp.mueller.x10.mx_mueller@mueller.x10.mx\"
		Debug.AspNetCompiler.TargetPath = "PrecompiledWeb\ftp.mueller.x10.mx\"
		Debug.AspNetCompiler.Updateable = "true"
		Debug.AspNetCompiler.ForceOverwrite = "true"
		Debug.AspNetCompiler.FixedNames = "false"
		Debug.AspNetCompiler.Debug = "True"
		Release.AspNetCompiler.VirtualPath = "/ftp.mueller.x10.mx"
		Release.AspNetCompiler.PhysicalPath = "..\..\..\..\AppData\Local\Temp\VWDWebCache\ftp_ftp.mueller.x10.mx_mueller@mueller.x10.mx\"
		Release.AspNetCompiler.TargetPath = "PrecompiledWeb\ftp.mueller.x10.mx\"
		Release.AspNetCompiler.Updateable = "true"
		Release.AspNetCompiler.ForceOverwrite = "true"
		Release.AspNetCompiler.FixedNames = "false"
		Release.AspNetCompiler.Debug = "False"
	EndProjectSection
EndProject
Global
	GlobalSection(SolutionConfigurationPlatforms) = preSolution
		Debug|Any CPU = Debug|Any CPU
	EndGlobalSection
	GlobalSection(ProjectConfigurationPlatforms) = postSolution
		{804B3785-3E9E-4B09-82AD-BA4FFB0C056E}.Debug|Any CPU.ActiveCfg = Debug|Any CPU
		{804B3785-3E9E-4B09-82AD-BA4FFB0C056E}.Debug|Any CPU.Build.0 = Debug|Any CPU
	EndGlobalSection
	GlobalSection(SolutionProperties) = preSolution
		HideSolutionNode = FALSE
	EndGlobalSection
EndGlobal
